// !$*UTF8*$!
{
	archiveVersion = 1;
	classes = {
	};
	objectVersion = 46;
	objects = {

/* Begin PBXBuildFile section */
		18CC51831F0728CF0010E195 /* AppDelegate.swift in Sources */ = {isa = PBXBuildFile; fileRef = 18CC51821F0728CF0010E195 /* AppDelegate.swift */; };
		18CC51851F0728CF0010E195 /* ViewController.swift in Sources */ = {isa = PBXBuildFile; fileRef = 18CC51841F0728CF0010E195 /* ViewController.swift */; };
		18CC51881F0728CF0010E195 /* Main.storyboard in Resources */ = {isa = PBXBuildFile; fileRef = 18CC51861F0728CF0010E195 /* Main.storyboard */; };
		18CC518A1F0728CF0010E195 /* Assets.xcassets in Resources */ = {isa = PBXBuildFile; fileRef = 18CC51891F0728CF0010E195 /* Assets.xcassets */; };
		18CC518D1F0728CF0010E195 /* LaunchScreen.storyboard in Resources */ = {isa = PBXBuildFile; fileRef = 18CC518B1F0728CF0010E195 /* LaunchScreen.storyboard */; };
		18CC51951F0729A30010E195 /* TableViewCell.swift in Sources */ = {isa = PBXBuildFile; fileRef = 18CC51941F0729A30010E195 /* TableViewCell.swift */; };
		18CC51971F072B490010E195 /* NewViewController.swift in Sources */ = {isa = PBXBuildFile; fileRef = 18CC51961F072B490010E195 /* NewViewController.swift */; };
		18CC51991F0743410010E195 /* NewViewController.storyboard in Resources */ = {isa = PBXBuildFile; fileRef = 18CC51981F0743410010E195 /* NewViewController.storyboard */; };
/* End PBXBuildFile section */

/* Begin PBXFileReference section */
		18CC517F1F0728CF0010E195 /* TableViewButtons.app */ = {isa = PBXFileReference; explicitFileType = wrapper.application; includeInIndex = 0; path = TableViewButtons.app; sourceTree = BUILT_PRODUCTS_DIR; };
		18CC51821F0728CF0010E195 /* AppDelegate.swift */ = {isa = PBXFileReference; lastKnownFileType = sourcecode.swift; path = AppDelegate.swift; sourceTree = "<group>"; };
		18CC51841F0728CF0010E195 /* ViewController.swift */ = {isa = PBXFileReference; lastKnownFileType = sourcecode.swift; path = ViewController.swift; sourceTree = "<group>"; };
		18CC51871F0728CF0010E195 /* Base */ = {isa = PBXFileReference; lastKnownFileType = file.storyboard; name = Base; path = Base.lproj/Main.storyboard; sourceTree = "<group>"; };
		18CC51891F0728CF0010E195 /* Assets.xcassets */ = {isa = PBXFileReference; lastKnownFileType = folder.assetcatalog; path = Assets.xcassets; sourceTree = "<group>"; };
		18CC518C1F0728CF0010E195 /* Base */ = {isa = PBXFileReference; lastKnownFileType = file.storyboard; name = Base; path = Base.lproj/LaunchScreen.storyboard; sourceTree = "<group>"; };
		18CC518E1F0728CF0010E195 /* Info.plist */ = {isa = PBXFileReference; lastKnownFileType = text.plist.xml; path = Info.plist; sourceTree = "<group>"; };
		18CC51941F0729A30010E195 /* TableViewCell.swift */ = {isa = PBXFileReference; fileEncoding = 4; lastKnownFileType = sourcecode.swift; path = TableViewCell.swift; sourceTree = "<group>"; };
		18CC51961F072B490010E195 /* NewViewController.swift */ = {isa = PBXFileReference; fileEncoding = 4; lastKnownFileType = sourcecode.swift; path = NewViewController.swift; sourceTree = "<group>"; };
		18CC51981F0743410010E195 /* NewViewController.storyboard */ = {isa = PBXFileReference; fileEncoding = 4; lastKnownFileType = file.storyboard; path = NewViewController.storyboard; sourceTree = "<group>"; };
/* End PBXFileReference section */

/* Begin PBXFrameworksBuildPhase section */
		18CC517C1F0728CF0010E195 /* Frameworks */ = {
			isa = PBXFrameworksBuildPhase;
			buildActionMask = 2147483647;
			files = (
			);
			runOnlyForDeploymentPostprocessing = 0;
		};
/* End PBXFrameworksBuildPhase section */

/* Begin PBXGroup section */
		18CC51761F0728CF0010E195 = {
			isa = PBXGroup;
			children = (
				18CC51811F0728CF0010E195 /* TableViewButtons */,
				18CC51801F0728CF0010E195 /* Products */,
			);
			sourceTree = "<group>";
		};
		18CC51801F0728CF0010E195 /* Products */ = {
			isa = PBXGroup;
			children = (
				18CC517F1F0728CF0010E195 /* TableViewButtons.app */,
			);
			name = Products;
			sourceTree = "<group>";
		};
		18CC51811F0728CF0010E195 /* TableViewButtons */ = {
			isa = PBXGroup;
			children = (
				18CC51821F0728CF0010E195 /* AppDelegate.swift */,
				18CC51841F0728CF0010E195 /* ViewController.swift */,
				18CC51861F0728CF0010E195 /* Main.storyboard */,
				18CC51981F0743410010E195 /* NewViewController.storyboard */,
				18CC51961F072B490010E195 /* NewViewController.swift */,
				18CC51941F0729A30010E195 /* TableViewCell.swift */,
				18CC51891F0728CF0010E195 /* Assets.xcassets */,
				18CC518B1F0728CF0010E195 /* LaunchScreen.storyboard */,
				18CC518E1F0728CF0010E195 /* Info.plist */,
			);
			path = TableViewButtons;
			sourceTree = "<group>";
		};
/* End PBXGroup section */

/* Begin PBXNativeTarget section */
		18CC517E1F0728CF0010E195 /* TableViewButtons */ = {
			isa = PBXNativeTarget;
			buildConfigurationList = 18CC51911F0728CF0010E195 /* Build configuration list for PBXNativeTarget "TableViewButtons" */;
			buildPhases = (
				18CC517B1F0728CF0010E195 /* Sources */,
				18CC517C1F0728CF0010E195 /* Frameworks */,
				18CC517D1F0728CF0010E195 /* Resources */,
			);
			buildRules = (
			);
			dependencies = (
			);
			name = TableViewButtons;
			productName = TableViewButtons;
			productReference = 18CC517F1F0728CF0010E195 /* TableViewButtons.app */;
			productType = "com.apple.product-type.application";
		};
/* End PBXNativeTarget section */

/* Begin PBXProject section */
		18CC51771F0728CF0010E195 /* Project object */ = {
			isa = PBXProject;
			attributes = {
				LastSwiftUpdateCheck = 0820;
				LastUpgradeCheck = 0820;
				ORGANIZATIONNAME = rsku;
				TargetAttributes = {
					18CC517E1F0728CF0010E195 = {
						CreatedOnToolsVersion = 8.2;
						ProvisioningStyle = Automatic;
					};
				};
			};
			buildConfigurationList = 18CC517A1F0728CF0010E195 /* Build configuration list for PBXProject "TableViewButtons" */;
			compatibilityVersion = "Xcode 3.2";
			developmentRegion = English;
			hasScannedForEncodings = 0;
			knownRegions = (
				en,
				Base,
			);
			mainGroup = 18CC51761F0728CF0010E195;
			productRefGroup = 18CC51801F0728CF0010E195 /* Products */;
			projectDirPath = "";
			projectRoot = "";
			targets = (
				18CC517E1F0728CF0010E195 /* TableViewButtons */,
			);
		};
/* End PBXProject section */

/* Begin PBXResourcesBuildPhase section */
		18CC517D1F0728CF0010E195 /* Resources */ = {
			isa = PBXResourcesBuildPhase;
			buildActionMask = 2147483647;
			files = (
				18CC51991F0743410010E195 /* NewViewController.storyboard in Resources */,
				18CC518D1F0728CF0010E195 /* LaunchScreen.storyboard in Resources */,
				18CC518A1F0728CF0010E195 /* Assets.xcassets in Resources */,
				18CC51881F0728CF0010E195 /* Main.storyboard in Resources */,
			);
			runOnlyForDeploymentPostprocessing = 0;
		};
/* End PBXResourcesBuildPhase section */

/* Begin PBXSourcesBuildPhase section */
		18CC517B1F0728CF0010E195 /* Sources */ = {
			isa = PBXSourcesBuildPhase;
			buildActionMask = 2147483647;
			files = (
				18CC51951F0729A30010E195 /* TableViewCell.swift in Sources */,
				18CC51851F0728CF0010E195 /* ViewController.swift in Sources */,
				18CC51831F0728CF0010E195 /* AppDelegate.swift in Sources */,
				18CC51971F072B490010E195 /* NewViewController.swift in Sources */,
			);
			runOnlyForDeploymentPostprocessing = 0;
		};
/* End PBXSourcesBuildPhase section */

/* Begin PBXVariantGroup section */
		18CC51861F0728CF0010E195 /* Main.storyboard */ = {
			isa = PBXVariantGroup;
			children = (
				18CC51871F0728CF0010E195 /* Base */,
			);
			name = Main.storyboard;
			sourceTree = "<group>";
		};
		18CC518B1F0728CF0010E195 /* LaunchScreen.storyboard */ = {
			isa = PBXVariantGroup;
			children = (
				18CC518C1F0728CF0010E195 /* Base */,
			);
			name = LaunchScreen.storyboard;
			sourceTree = "<group>";
		};
/* End PBXVariantGroup section */

/* Begin XCBuildConfiguration section */
		18CC518F1F0728CF0010E195 /* Debug */ = {
			isa = XCBuildConfiguration;
			buildSettings = {
				ALWAYS_SEARCH_USER_PATHS = NO;
				CLANG_ANALYZER_NONNULL = YES;
				CLANG_CXX_LANGUAGE_STANDARD = "gnu++0x";
				CLANG_CXX_LIBRARY = "libc++";
				CLANG_ENABLE_MODULES = YES;
				CLANG_ENABLE_OBJC_ARC = YES;
				CLANG_WARN_BOOL_CONVERSION = YES;
				CLANG_WARN_CONSTANT_CONVERSION = YES;
				CLANG_WARN_DIRECT_OBJC_ISA_USAGE = YES_ERROR;
				CLANG_WARN_DOCUMENTATION_COMMENTS = YES;
				CLANG_WARN_EMPTY_BODY = YES;
				CLANG_WARN_ENUM_CONVERSION = YES;
				CLANG_WARN_INFINITE_RECURSION = YES;
				CLANG_WARN_INT_CONVERSION = YES;
				CLANG_WARN_OBJC_ROOT_CLASS = YES_ERROR;
				CLANG_WARN_SUSPICIOUS_MOVE = YES;
				CLANG_WARN_UNREACHABLE_CODE = YES;
				CLANG_WARN__DUPLICATE_METHOD_MATCH = YES;
				"CODE_SIGN_IDENTITY[sdk=iphoneos*]" = "iPhone Developer";
				COPY_PHASE_STRIP = NO;
				DEBUG_INFORMATION_FORMAT = dwarf;
				ENABLE_STRICT_OBJC_MSGSEND = YES;
				ENABLE_TESTABILITY = YES;
				GCC_C_LANGUAGE_STANDARD = gnu99;
				GCC_DYNAMIC_NO_PIC = NO;
				GCC_NO_COMMON_BLOCKS = YES;
				GCC_OPTIMIZATION_LEVEL = 0;
				GCC_PREPROCESSOR_DEFINITIONS = (
					"DEBUG=1",
					"$(inherited)",
				);
				GCC_WARN_64_TO_32_BIT_CONVERSION = YES;
				GCC_WARN_ABOUT_RETURN_TYPE = YES_ERROR;
				GCC_WARN_UNDECLARED_SELECTOR = YES;
				GCC_WARN_UNINITIALIZED_AUTOS = YES_AGGRESSIVE;
				GCC_WARN_UNUSED_FUNCTION = YES;
				GCC_WARN_UNUSED_VARIABLE = YES;
				IPHONEOS_DEPLOYMENT_TARGET = 10.2;
				MTL_ENABLE_DEBUG_INFO = YES;
				ONLY_ACTIVE_ARCH = YES;
				SDKROOT = iphoneos;
				SWIFT_ACTIVE_COMPILATION_CONDITIONS = DEBUG;
				SWIFT_OPTIMIZATION_LEVEL = "-Onone";
				TARGETED_DEVICE_FAMILY = "1,2";
			};
			name = Debug;
		};
		18CC51901F0728CF0010E195 /* Release */ = {
			isa = XCBuildConfiguration;
			buildSettings = {
				ALWAYS_SEARCH_USER_PATHS = NO;
				CLANG_ANALYZER_NONNULL = YES;
				CLANG_CXX_LANGUAGE_STANDARD = "gnu++0x";
				CLANG_CXX_LIBRARY = "libc++";
				CLANG_ENABLE_MODULES = YES;
				CLANG_ENABLE_OBJC_ARC = YES;
				CLANG_WARN_BOOL_CONVERSION = YES;
				CLANG_WARN_CONSTANT_CONVERSION = YES;
				CLANG_WARN_DIRECT_OBJC_ISA_USAGE = YES_ERROR;
				CLANG_WARN_DOCUMENTATION_COMMENTS = YES;
				CLANG_WARN_EMPTY_BODY = YES;
				CLANG_WARN_ENUM_CONVERSION = YES;
				CLANG_WARN_INFINITE_RECURSION = YES;
				CLANG_WARN_INT_CONVERSION = YES;
				CLANG_WARN_OBJC_ROOT_CLASS = YES_ERROR;
				CLANG_WARN_SUSPICIOUS_MOVE = YES;
				CLANG_WARN_UNREACHABLE_CODE = YES;
				CLANG_WARN__DUPLICATE_METHOD_MATCH = YES;
				"CODE_SIGN_IDENTITY[sdk=iphoneos*]" = "iPhone Developer";
				COPY_PHASE_STRIP = NO;
				DEBUG_INFORMATION_FORMAT = "dwarf-with-dsym";
				ENABLE_NS_ASSERTIONS = NO;
				ENABLE_STRICT_OBJC_MSGSEND = YES;
				GCC_C_LANGUAGE_STANDARD = gnu99;
				GCC_NO_COMMON_BLOCKS = YES;
				GCC_WARN_64_TO_32_BIT_CONVERSION = YES;
				GCC_WARN_ABOUT_RETURN_TYPE = YES_ERROR;
				GCC_WARN_UNDECLARED_SELECTOR = YES;
				GCC_WARN_UNINITIALIZED_AUTOS = YES_AGGRESSIVE;
				GCC_WARN_UNUSED_FUNCTION = YES;
				GCC_WARN_UNUSED_VARIABLE = YES;
				IPHONEOS_DEPLOYMENT_TARGET = 10.2;
				MTL_ENABLE_DEBUG_INFO = NO;
				SDKROOT = iphoneos;
				SWIFT_OPTIMIZATION_LEVEL = "-Owholemodule";
				TARGETED_DEVICE_FAMILY = "1,2";
				VALIDATE_PRODUCT = YES;
			};
			name = Release;
		};
		18CC51921F0728CF0010E195 /* Debug */ = {
			isa = XCBuildConfiguration;
			buildSettings = {
				ASSETCATALOG_COMPILER_APPICON_NAME = AppIcon;
				INFOPLIST_FILE = TableViewButtons/Info.plist;
				LD_RUNPATH_SEARCH_PATHS = "$(inherited) @executable_path/Frameworks";
				PRODUCT_BUNDLE_IDENTIFIER = rsku.com.TableViewButtons;
				PRODUCT_NAME = "$(TARGET_NAME)";
				SWIFT_VERSION = 3.0;
			};
			name = Debug;
		};
		18CC51931F0728CF0010E195 /* Release */ = {
			isa = XCBuildConfiguration;
			buildSettings = {
				ASSETCATALOG_COMPILER_APPICON_NAME = AppIcon;
				INFOPLIST_FILE = TableViewButtons/Info.plist;
				LD_RUNPATH_SEARCH_PATHS = "$(inherited) @executable_path/Frameworks";
				PRODUCT_BUNDLE_IDENTIFIER = rsku.com.TableViewButtons;
				PRODUCT_NAME = "$(TARGET_NAME)";
				SWIFT_VERSION = 3.0;
			};
			name = Release;
		};
/* End XCBuildConfiguration section */

/* Begin XCConfigurationList section */
		18CC517A1F0728CF0010E195 /* Build configuration list for PBXProject "TableViewButtons" */ = {
			isa = XCConfigurationList;
			buildConfigurations = (
				18CC518F1F0728CF0010E195 /* Debug */,
				18CC51901F0728CF0010E195 /* Release */,
			);
			defaultConfigurationIsVisible = 0;
			defaultConfigurationName = Release;
		};
		18CC51911F0728CF0010E195 /* Build configuration list for PBXNativeTarget "TableViewButtons" */ = {
			isa = XCConfigurationList;
			buildConfigurations = (
				18CC51921F0728CF0010E195 /* Debug */,
				18CC51931F0728CF0010E195 /* Release */,
			);
			defaultConfigurationIsVisible = 0;
		};
/* End XCConfigurationList section */
	};
	rootObject = 18CC51771F0728CF0010E195 /* Project object */;
}
